
Microsoft Visual Studio Solution File, Format Version 12.00
# Visual Studio Version 17
VisualStudioVersion = 17.1.32421.90
MinimumVisualStudioVersion = 10.0.40219.1
Project("{9A19103F-16F7-4668-BE54-9A1E7A4F7556}") = "AmazingStuffShop.Models", "AmazingStuffShop.Models\AmazingStuffShop.Models.csproj", "{462A1F29-B083-4046-9554-5B041C0AA911}"
EndProject
Project("{9A19103F-16F7-4668-BE54-9A1E7A4F7556}") = "AmazingStuffShop.DataAccess", "AmazingStuffShop.DataAccess\AmazingStuffShop.DataAccess.csproj", "{7A24D26E-9EDA-4E4A-A670-D9D7AE538516}"
EndProject
Project("{9A19103F-16F7-4668-BE54-9A1E7A4F7556}") = "AmazingStuffShop.Utility", "AmazingStuffShop.Utility\AmazingStuffShop.Utility.csproj", "{DA347CE9-BE7D-4B28-82F6-8BEC0D845A85}"
EndProject
Project("{9A19103F-16F7-4668-BE54-9A1E7A4F7556}") = "AmazingStuffShop.Web", "AmazingStuffShop.Web\AmazingStuffShop.Web.csproj", "{D18C624E-BCB2-439D-B98A-246B59C3DF7F}"
EndProject
Global
	GlobalSection(SolutionConfigurationPlatforms) = preSolution
		Debug|Any CPU = Debug|Any CPU
		Release|Any CPU = Release|Any CPU
	EndGlobalSection
	GlobalSection(ProjectConfigurationPlatforms) = postSolution
		{462A1F29-B083-4046-9554-5B041C0AA911}.Debug|Any CPU.ActiveCfg = Debug|Any CPU
		{462A1F29-B083-4046-9554-5B041C0AA911}.Debug|Any CPU.Build.0 = Debug|Any CPU
		{462A1F29-B083-4046-9554-5B041C0AA911}.Release|Any CPU.ActiveCfg = Release|Any CPU
		{462A1F29-B083-4046-9554-5B041C0AA911}.Release|Any CPU.Build.0 = Release|Any CPU
		{7A24D26E-9EDA-4E4A-A670-D9D7AE538516}.Debug|Any CPU.ActiveCfg = Debug|Any CPU
		{7A24D26E-9EDA-4E4A-A670-D9D7AE538516}.Debug|Any CPU.Build.0 = Debug|Any CPU
		{7A24D26E-9EDA-4E4A-A670-D9D7AE538516}.Release|Any CPU.ActiveCfg = Release|Any CPU
		{7A24D26E-9EDA-4E4A-A670-D9D7AE538516}.Release|Any CPU.Build.0 = Release|Any CPU
		{DA347CE9-BE7D-4B28-82F6-8BEC0D845A85}.Debug|Any CPU.ActiveCfg = Debug|Any CPU
		{DA347CE9-BE7D-4B28-82F6-8BEC0D845A85}.Debug|Any CPU.Build.0 = Debug|Any CPU
		{DA347CE9-BE7D-4B28-82F6-8BEC0D845A85}.Release|Any CPU.ActiveCfg = Release|Any CPU
		{DA347CE9-BE7D-4B28-82F6-8BEC0D845A85}.Release|Any CPU.Build.0 = Release|Any CPU
		{D18C624E-BCB2-439D-B98A-246B59C3DF7F}.Debug|Any CPU.ActiveCfg = Debug|Any CPU
		{D18C624E-BCB2-439D-B98A-246B59C3DF7F}.Debug|Any CPU.Build.0 = Debug|Any CPU
		{D18C624E-BCB2-439D-B98A-246B59C3DF7F}.Release|Any CPU.ActiveCfg = Release|Any CPU
		{D18C624E-BCB2-439D-B98A-246B59C3DF7F}.Release|Any CPU.Build.0 = Release|Any CPU
	EndGlobalSection
	GlobalSection(SolutionProperties) = preSolution
		HideSolutionNode = FALSE
	EndGlobalSection
	GlobalSection(ExtensibilityGlobals) = postSolution
		SolutionGuid = {CDD55D73-6238-45FB-888D-7E66B8670AD6}
	EndGlobalSection
EndGlobal
